
Microsoft Visual Studio Solution File, Format Version 12.00
# Visual Studio Version 17
VisualStudioVersion = 17.5.33424.131
MinimumVisualStudioVersion = 10.0.40219.1
Project("{FAE04EC0-301F-11D3-BF4B-00C04F79EFBC}") = "WiredBrainCoffee.ShopInfoTool", "WiredBrainCoffee.ShopInfoTool\WiredBrainCoffee.ShopInfoTool.csproj", "{8F67BE1D-9694-47CC-9861-FB41A239AB7D}"
EndProject
Global
	GlobalSection(SolutionConfigurationPlatforms) = preSolution
		Debug|Any CPU = Debug|Any CPU
		Release|Any CPU = Release|Any CPU
	EndGlobalSection
	GlobalSection(ProjectConfigurationPlatforms) = postSolution
		{8F67BE1D-9694-47CC-9861-FB41A239AB7D}.Debug|Any CPU.ActiveCfg = Debug|Any CPU
		{8F67BE1D-9694-47CC-9861-FB41A239AB7D}.Debug|Any CPU.Build.0 = Debug|Any CPU
		{8F67BE1D-9694-47CC-9861-FB41A239AB7D}.Release|Any CPU.ActiveCfg = Release|Any CPU
		{8F67BE1D-9694-47CC-9861-FB41A239AB7D}.Release|Any CPU.Build.0 = Release|Any CPU
	EndGlobalSection
	GlobalSection(SolutionProperties) = preSolution
		HideSolutionNode = FALSE
	EndGlobalSection
	GlobalSection(ExtensibilityGlobals) = postSolution
		SolutionGuid = {8B5541CE-37AD-44EE-B8BE-38C3D9463BEA}
	EndGlobalSection
EndGlobal
